// !$*UTF8*$!
{
	archiveVersion = 1;
	classes = {
	};
	objectVersion = 56;
	objects = {

/* Begin PBXBuildFile section */
		856C64E82A660B5400C6AF62 /* AppDelegate.swift in Sources */ = {isa = PBXBuildFile; fileRef = 856C64E72A660B5400C6AF62 /* AppDelegate.swift */; };
		856C64EA2A660B5400C6AF62 /* SceneDelegate.swift in Sources */ = {isa = PBXBuildFile; fileRef = 856C64E92A660B5400C6AF62 /* SceneDelegate.swift */; };
		856C64EC2A660B5400C6AF62 /* ViewController.swift in Sources */ = {isa = PBXBuildFile; fileRef = 856C64EB2A660B5400C6AF62 /* ViewController.swift */; };
		856C64EF2A660B5400C6AF62 /* Main.storyboard in Resources */ = {isa = PBXBuildFile; fileRef = 856C64ED2A660B5400C6AF62 /* Main.storyboard */; };
		856C64F12A660B5500C6AF62 /* Assets.xcassets in Resources */ = {isa = PBXBuildFile; fileRef = 856C64F02A660B5500C6AF62 /* Assets.xcassets */; };
		856C64F42A660B5500C6AF62 /* LaunchScreen.storyboard in Resources */ = {isa = PBXBuildFile; fileRef = 856C64F22A660B5500C6AF62 /* LaunchScreen.storyboard */; };
		856C64FF2A660B5500C6AF62 /* AppBackFrontTests.swift in Sources */ = {isa = PBXBuildFile; fileRef = 856C64FE2A660B5500C6AF62 /* AppBackFrontTests.swift */; };
		856C65092A660B5500C6AF62 /* AppBackFrontUITests.swift in Sources */ = {isa = PBXBuildFile; fileRef = 856C65082A660B5500C6AF62 /* AppBackFrontUITests.swift */; };
		856C650B2A660B5500C6AF62 /* AppBackFrontUITestsLaunchTests.swift in Sources */ = {isa = PBXBuildFile; fileRef = 856C650A2A660B5500C6AF62 /* AppBackFrontUITestsLaunchTests.swift */; };
/* End PBXBuildFile section */

/* Begin PBXContainerItemProxy section */
		856C64FB2A660B5500C6AF62 /* PBXContainerItemProxy */ = {
			isa = PBXContainerItemProxy;
			containerPortal = 856C64DC2A660B5400C6AF62 /* Project object */;
			proxyType = 1;
			remoteGlobalIDString = 856C64E32A660B5400C6AF62;
			remoteInfo = AppBackFront;
		};
		856C65052A660B5500C6AF62 /* PBXContainerItemProxy */ = {
			isa = PBXContainerItemProxy;
			containerPortal = 856C64DC2A660B5400C6AF62 /* Project object */;
			proxyType = 1;
			remoteGlobalIDString = 856C64E32A660B5400C6AF62;
			remoteInfo = AppBackFront;
		};
/* End PBXContainerItemProxy section */

/* Begin PBXFileReference section */
		856C64E42A660B5400C6AF62 /* AppBackFront.app */ = {isa = PBXFileReference; explicitFileType = wrapper.application; includeInIndex = 0; path = AppBackFront.app; sourceTree = BUILT_PRODUCTS_DIR; };
		856C64E72A660B5400C6AF62 /* AppDelegate.swift */ = {isa = PBXFileReference; lastKnownFileType = sourcecode.swift; path = AppDelegate.swift; sourceTree = "<group>"; };
		856C64E92A660B5400C6AF62 /* SceneDelegate.swift */ = {isa = PBXFileReference; lastKnownFileType = sourcecode.swift; path = SceneDelegate.swift; sourceTree = "<group>"; };
		856C64EB2A660B5400C6AF62 /* ViewController.swift */ = {isa = PBXFileReference; lastKnownFileType = sourcecode.swift; path = ViewController.swift; sourceTree = "<group>"; };
		856C64EE2A660B5400C6AF62 /* Base */ = {isa = PBXFileReference; lastKnownFileType = file.storyboard; name = Base; path = Base.lproj/Main.storyboard; sourceTree = "<group>"; };
		856C64F02A660B5500C6AF62 /* Assets.xcassets */ = {isa = PBXFileReference; lastKnownFileType = folder.assetcatalog; path = Assets.xcassets; sourceTree = "<group>"; };
		856C64F32A660B5500C6AF62 /* Base */ = {isa = PBXFileReference; lastKnownFileType = file.storyboard; name = Base; path = Base.lproj/LaunchScreen.storyboard; sourceTree = "<group>"; };
		856C64F52A660B5500C6AF62 /* Info.plist */ = {isa = PBXFileReference; lastKnownFileType = text.plist.xml; path = Info.plist; sourceTree = "<group>"; };
		856C64FA2A660B5500C6AF62 /* AppBackFrontTests.xctest */ = {isa = PBXFileReference; explicitFileType = wrapper.cfbundle; includeInIndex = 0; path = AppBackFrontTests.xctest; sourceTree = BUILT_PRODUCTS_DIR; };
		856C64FE2A660B5500C6AF62 /* AppBackFrontTests.swift */ = {isa = PBXFileReference; lastKnownFileType = sourcecode.swift; path = AppBackFrontTests.swift; sourceTree = "<group>"; };
		856C65042A660B5500C6AF62 /* AppBackFrontUITests.xctest */ = {isa = PBXFileReference; explicitFileType = wrapper.cfbundle; includeInIndex = 0; path = AppBackFrontUITests.xctest; sourceTree = BUILT_PRODUCTS_DIR; };
		856C65082A660B5500C6AF62 /* AppBackFrontUITests.swift */ = {isa = PBXFileReference; lastKnownFileType = sourcecode.swift; path = AppBackFrontUITests.swift; sourceTree = "<group>"; };
		856C650A2A660B5500C6AF62 /* AppBackFrontUITestsLaunchTests.swift */ = {isa = PBXFileReference; lastKnownFileType = sourcecode.swift; path = AppBackFrontUITestsLaunchTests.swift; sourceTree = "<group>"; };
/* End PBXFileReference section */

/* Begin PBXFrameworksBuildPhase section */
		856C64E12A660B5400C6AF62 /* Frameworks */ = {
			isa = PBXFrameworksBuildPhase;
			buildActionMask = 2147483647;
			files = (
			);
			runOnlyForDeploymentPostprocessing = 0;
		};
		856C64F72A660B5500C6AF62 /* Frameworks */ = {
			isa = PBXFrameworksBuildPhase;
			buildActionMask = 2147483647;
			files = (
			);
			runOnlyForDeploymentPostprocessing = 0;
		};
		856C65012A660B5500C6AF62 /* Frameworks */ = {
			isa = PBXFrameworksBuildPhase;
			buildActionMask = 2147483647;
			files = (
			);
			runOnlyForDeploymentPostprocessing = 0;
		};
/* End PBXFrameworksBuildPhase section */

/* Begin PBXGroup section */
		856C64DB2A660B5400C6AF62 = {
			isa = PBXGroup;
			children = (
				856C64E62A660B5400C6AF62 /* AppBackFront */,
				856C64FD2A660B5500C6AF62 /* AppBackFrontTests */,
				856C65072A660B5500C6AF62 /* AppBackFrontUITests */,
				856C64E52A660B5400C6AF62 /* Products */,
			);
			sourceTree = "<group>";
		};
		856C64E52A660B5400C6AF62 /* Products */ = {
			isa = PBXGroup;
			children = (
				856C64E42A660B5400C6AF62 /* AppBackFront.app */,
				856C64FA2A660B5500C6AF62 /* AppBackFrontTests.xctest */,
				856C65042A660B5500C6AF62 /* AppBackFrontUITests.xctest */,
			);
			name = Products;
			sourceTree = "<group>";
		};
		856C64E62A660B5400C6AF62 /* AppBackFront */ = {
			isa = PBXGroup;
			children = (
				856C64E72A660B5400C6AF62 /* AppDelegate.swift */,
				856C64E92A660B5400C6AF62 /* SceneDelegate.swift */,
				856C64EB2A660B5400C6AF62 /* ViewController.swift */,
				856C64ED2A660B5400C6AF62 /* Main.storyboard */,
				856C64F02A660B5500C6AF62 /* Assets.xcassets */,
				856C64F22A660B5500C6AF62 /* LaunchScreen.storyboard */,
				856C64F52A660B5500C6AF62 /* Info.plist */,
			);
			path = AppBackFront;
			sourceTree = "<group>";
		};
		856C64FD2A660B5500C6AF62 /* AppBackFrontTests */ = {
			isa = PBXGroup;
			children = (
				856C64FE2A660B5500C6AF62 /* AppBackFrontTests.swift */,
			);
			path = AppBackFrontTests;
			sourceTree = "<group>";
		};
		856C65072A660B5500C6AF62 /* AppBackFrontUITests */ = {
			isa = PBXGroup;
			children = (
				856C65082A660B5500C6AF62 /* AppBackFrontUITests.swift */,
				856C650A2A660B5500C6AF62 /* AppBackFrontUITestsLaunchTests.swift */,
			);
			path = AppBackFrontUITests;
			sourceTree = "<group>";
		};
/* End PBXGroup section */

/* Begin PBXNativeTarget section */
		856C64E32A660B5400C6AF62 /* AppBackFront */ = {
			isa = PBXNativeTarget;
			buildConfigurationList = 856C650E2A660B5500C6AF62 /* Build configuration list for PBXNativeTarget "AppBackFront" */;
			buildPhases = (
				856C64E02A660B5400C6AF62 /* Sources */,
				856C64E12A660B5400C6AF62 /* Frameworks */,
				856C64E22A660B5400C6AF62 /* Resources */,
			);
			buildRules = (
			);
			dependencies = (
			);
			name = AppBackFront;
			productName = AppBackFront;
			productReference = 856C64E42A660B5400C6AF62 /* AppBackFront.app */;
			productType = "com.apple.product-type.application";
		};
		856C64F92A660B5500C6AF62 /* AppBackFrontTests */ = {
			isa = PBXNativeTarget;
			buildConfigurationList = 856C65112A660B5500C6AF62 /* Build configuration list for PBXNativeTarget "AppBackFrontTests" */;
			buildPhases = (
				856C64F62A660B5500C6AF62 /* Sources */,
				856C64F72A660B5500C6AF62 /* Frameworks */,
				856C64F82A660B5500C6AF62 /* Resources */,
			);
			buildRules = (
			);
			dependencies = (
				856C64FC2A660B5500C6AF62 /* PBXTargetDependency */,
			);
			name = AppBackFrontTests;
			productName = AppBackFrontTests;
			productReference = 856C64FA2A660B5500C6AF62 /* AppBackFrontTests.xctest */;
			productType = "com.apple.product-type.bundle.unit-test";
		};
		856C65032A660B5500C6AF62 /* AppBackFrontUITests */ = {
			isa = PBXNativeTarget;
			buildConfigurationList = 856C65142A660B5500C6AF62 /* Build configuration list for PBXNativeTarget "AppBackFrontUITests" */;
			buildPhases = (
				856C65002A660B5500C6AF62 /* Sources */,
				856C65012A660B5500C6AF62 /* Frameworks */,
				856C65022A660B5500C6AF62 /* Resources */,
			);
			buildRules = (
			);
			dependencies = (
				856C65062A660B5500C6AF62 /* PBXTargetDependency */,
			);
			name = AppBackFrontUITests;
			productName = AppBackFrontUITests;
			productReference = 856C65042A660B5500C6AF62 /* AppBackFrontUITests.xctest */;
			productType = "com.apple.product-type.bundle.ui-testing";
		};
/* End PBXNativeTarget section */

/* Begin PBXProject section */
		856C64DC2A660B5400C6AF62 /* Project object */ = {
			isa = PBXProject;
			attributes = {
				BuildIndependentTargetsInParallel = 1;
				LastSwiftUpdateCheck = 1420;
				LastUpgradeCheck = 1420;
				TargetAttributes = {
					856C64E32A660B5400C6AF62 = {
						CreatedOnToolsVersion = 14.2;
					};
					856C64F92A660B5500C6AF62 = {
						CreatedOnToolsVersion = 14.2;
						TestTargetID = 856C64E32A660B5400C6AF62;
					};
					856C65032A660B5500C6AF62 = {
						CreatedOnToolsVersion = 14.2;
						TestTargetID = 856C64E32A660B5400C6AF62;
					};
				};
			};
			buildConfigurationList = 856C64DF2A660B5400C6AF62 /* Build configuration list for PBXProject "AppBackFront" */;
			compatibilityVersion = "Xcode 14.0";
			developmentRegion = en;
			hasScannedForEncodings = 0;
			knownRegions = (
				en,
				Base,
			);
			mainGroup = 856C64DB2A660B5400C6AF62;
			productRefGroup = 856C64E52A660B5400C6AF62 /* Products */;
			projectDirPath = "";
			projectRoot = "";
			targets = (
				856C64E32A660B5400C6AF62 /* AppBackFront */,
				856C64F92A660B5500C6AF62 /* AppBackFrontTests */,
				856C65032A660B5500C6AF62 /* AppBackFrontUITests */,
			);
		};
/* End PBXProject section */

/* Begin PBXResourcesBuildPhase section */
		856C64E22A660B5400C6AF62 /* Resources */ = {
			isa = PBXResourcesBuildPhase;
			buildActionMask = 2147483647;
			files = (
				856C64F42A660B5500C6AF62 /* LaunchScreen.storyboard in Resources */,
				856C64F12A660B5500C6AF62 /* Assets.xcassets in Resources */,
				856C64EF2A660B5400C6AF62 /* Main.storyboard in Resources */,
			);
			runOnlyForDeploymentPostprocessing = 0;
		};
		856C64F82A660B5500C6AF62 /* Resources */ = {
			isa = PBXResourcesBuildPhase;
			buildActionMask = 2147483647;
			files = (
			);
			runOnlyForDeploymentPostprocessing = 0;
		};
		856C65022A660B5500C6AF62 /* Resources */ = {
			isa = PBXResourcesBuildPhase;
			buildActionMask = 2147483647;
			files = (
			);
			runOnlyForDeploymentPostprocessing = 0;
		};
/* End PBXResourcesBuildPhase section */

/* Begin PBXSourcesBuildPhase section */
		856C64E02A660B5400C6AF62 /* Sources */ = {
			isa = PBXSourcesBuildPhase;
			buildActionMask = 2147483647;
			files = (
				856C64EC2A660B5400C6AF62 /* ViewController.swift in Sources */,
				856C64E82A660B5400C6AF62 /* AppDelegate.swift in Sources */,
				856C64EA2A660B5400C6AF62 /* SceneDelegate.swift in Sources */,
			);
			runOnlyForDeploymentPostprocessing = 0;
		};
		856C64F62A660B5500C6AF62 /* Sources */ = {
			isa = PBXSourcesBuildPhase;
			buildActionMask = 2147483647;
			files = (
				856C64FF2A660B5500C6AF62 /* AppBackFrontTests.swift in Sources */,
			);
			runOnlyForDeploymentPostprocessing = 0;
		};
		856C65002A660B5500C6AF62 /* Sources */ = {
			isa = PBXSourcesBuildPhase;
			buildActionMask = 2147483647;
			files = (
				856C65092A660B5500C6AF62 /* AppBackFrontUITests.swift in Sources */,
				856C650B2A660B5500C6AF62 /* AppBackFrontUITestsLaunchTests.swift in Sources */,
			);
			runOnlyForDeploymentPostprocessing = 0;
		};
/* End PBXSourcesBuildPhase section */

/* Begin PBXTargetDependency section */
		856C64FC2A660B5500C6AF62 /* PBXTargetDependency */ = {
			isa = PBXTargetDependency;
			target = 856C64E32A660B5400C6AF62 /* AppBackFront */;
			targetProxy = 856C64FB2A660B5500C6AF62 /* PBXContainerItemProxy */;
		};
		856C65062A660B5500C6AF62 /* PBXTargetDependency */ = {
			isa = PBXTargetDependency;
			target = 856C64E32A660B5400C6AF62 /* AppBackFront */;
			targetProxy = 856C65052A660B5500C6AF62 /* PBXContainerItemProxy */;
		};
/* End PBXTargetDependency section */

/* Begin PBXVariantGroup section */
		856C64ED2A660B5400C6AF62 /* Main.storyboard */ = {
			isa = PBXVariantGroup;
			children = (
				856C64EE2A660B5400C6AF62 /* Base */,
			);
			name = Main.storyboard;
			sourceTree = "<group>";
		};
		856C64F22A660B5500C6AF62 /* LaunchScreen.storyboard */ = {
			isa = PBXVariantGroup;
			children = (
				856C64F32A660B5500C6AF62 /* Base */,
			);
			name = LaunchScreen.storyboard;
			sourceTree = "<group>";
		};
/* End PBXVariantGroup section */

/* Begin XCBuildConfiguration section */
		856C650C2A660B5500C6AF62 /* Debug */ = {
			isa = XCBuildConfiguration;
			buildSettings = {
				ALWAYS_SEARCH_USER_PATHS = NO;
				CLANG_ANALYZER_NONNULL = YES;
				CLANG_ANALYZER_NUMBER_OBJECT_CONVERSION = YES_AGGRESSIVE;
				CLANG_CXX_LANGUAGE_STANDARD = "gnu++20";
				CLANG_ENABLE_MODULES = YES;
				CLANG_ENABLE_OBJC_ARC = YES;
				CLANG_ENABLE_OBJC_WEAK = YES;
				CLANG_WARN_BLOCK_CAPTURE_AUTORELEASING = YES;
				CLANG_WARN_BOOL_CONVERSION = YES;
				CLANG_WARN_COMMA = YES;
				CLANG_WARN_CONSTANT_CONVERSION = YES;
				CLANG_WARN_DEPRECATED_OBJC_IMPLEMENTATIONS = YES;
				CLANG_WARN_DIRECT_OBJC_ISA_USAGE = YES_ERROR;
				CLANG_WARN_DOCUMENTATION_COMMENTS = YES;
				CLANG_WARN_EMPTY_BODY = YES;
				CLANG_WARN_ENUM_CONVERSION = YES;
				CLANG_WARN_INFINITE_RECURSION = YES;
				CLANG_WARN_INT_CONVERSION = YES;
				CLANG_WARN_NON_LITERAL_NULL_CONVERSION = YES;
				CLANG_WARN_OBJC_IMPLICIT_RETAIN_SELF = YES;
				CLANG_WARN_OBJC_LITERAL_CONVERSION = YES;
				CLANG_WARN_OBJC_ROOT_CLASS = YES_ERROR;
				CLANG_WARN_QUOTED_INCLUDE_IN_FRAMEWORK_HEADER = YES;
				CLANG_WARN_RANGE_LOOP_ANALYSIS = YES;
				CLANG_WARN_STRICT_PROTOTYPES = YES;
				CLANG_WARN_SUSPICIOUS_MOVE = YES;
				CLANG_WARN_UNGUARDED_AVAILABILITY = YES_AGGRESSIVE;
				CLANG_WARN_UNREACHABLE_CODE = YES;
				CLANG_WARN__DUPLICATE_METHOD_MATCH = YES;
				COPY_PHASE_STRIP = NO;
				DEBUG_INFORMATION_FORMAT = dwarf;
				ENABLE_STRICT_OBJC_MSGSEND = YES;
				ENABLE_TESTABILITY = YES;
				GCC_C_LANGUAGE_STANDARD = gnu11;
				GCC_DYNAMIC_NO_PIC = NO;
				GCC_NO_COMMON_BLOCKS = YES;
				GCC_OPTIMIZATION_LEVEL = 0;
				GCC_PREPROCESSOR_DEFINITIONS = (
					"DEBUG=1",
					"$(inherited)",
				);
				GCC_WARN_64_TO_32_BIT_CONVERSION = YES;
				GCC_WARN_ABOUT_RETURN_TYPE = YES_ERROR;
				GCC_WARN_UNDECLARED_SELECTOR = YES;
				GCC_WARN_UNINITIALIZED_AUTOS = YES_AGGRESSIVE;
				GCC_WARN_UNUSED_FUNCTION = YES;
				GCC_WARN_UNUSED_VARIABLE = YES;
				IPHONEOS_DEPLOYMENT_TARGET = 16.2;
				MTL_ENABLE_DEBUG_INFO = INCLUDE_SOURCE;
				MTL_FAST_MATH = YES;
				ONLY_ACTIVE_ARCH = YES;
				SDKROOT = iphoneos;
				SWIFT_ACTIVE_COMPILATION_CONDITIONS = DEBUG;
				SWIFT_OPTIMIZATION_LEVEL = "-Onone";
			};
			name = Debug;
		};
		856C650D2A660B5500C6AF62 /* Release */ = {
			isa = XCBuildConfiguration;
			buildSettings = {
				ALWAYS_SEARCH_USER_PATHS = NO;
				CLANG_ANALYZER_NONNULL = YES;
				CLANG_ANALYZER_NUMBER_OBJECT_CONVERSION = YES_AGGRESSIVE;
				CLANG_CXX_LANGUAGE_STANDARD = "gnu++20";
				CLANG_ENABLE_MODULES = YES;
				CLANG_ENABLE_OBJC_ARC = YES;
				CLANG_ENABLE_OBJC_WEAK = YES;
				CLANG_WARN_BLOCK_CAPTURE_AUTORELEASING = YES;
				CLANG_WARN_BOOL_CONVERSION = YES;
				CLANG_WARN_COMMA = YES;
				CLANG_WARN_CONSTANT_CONVERSION = YES;
				CLANG_WARN_DEPRECATED_OBJC_IMPLEMENTATIONS = YES;
				CLANG_WARN_DIRECT_OBJC_ISA_USAGE = YES_ERROR;
				CLANG_WARN_DOCUMENTATION_COMMENTS = YES;
				CLANG_WARN_EMPTY_BODY = YES;
				CLANG_WARN_ENUM_CONVERSION = YES;
				CLANG_WARN_INFINITE_RECURSION = YES;
				CLANG_WARN_INT_CONVERSION = YES;
				CLANG_WARN_NON_LITERAL_NULL_CONVERSION = YES;
				CLANG_WARN_OBJC_IMPLICIT_RETAIN_SELF = YES;
				CLANG_WARN_OBJC_LITERAL_CONVERSION = YES;
				CLANG_WARN_OBJC_ROOT_CLASS = YES_ERROR;
				CLANG_WARN_QUOTED_INCLUDE_IN_FRAMEWORK_HEADER = YES;
				CLANG_WARN_RANGE_LOOP_ANALYSIS = YES;
				CLANG_WARN_STRICT_PROTOTYPES = YES;
				CLANG_WARN_SUSPICIOUS_MOVE = YES;
				CLANG_WARN_UNGUARDED_AVAILABILITY = YES_AGGRESSIVE;
				CLANG_WARN_UNREACHABLE_CODE = YES;
				CLANG_WARN__DUPLICATE_METHOD_MATCH = YES;
				COPY_PHASE_STRIP = NO;
				DEBUG_INFORMATION_FORMAT = "dwarf-with-dsym";
				ENABLE_NS_ASSERTIONS = NO;
				ENABLE_STRICT_OBJC_MSGSEND = YES;
				GCC_C_LANGUAGE_STANDARD = gnu11;
				GCC_NO_COMMON_BLOCKS = YES;
				GCC_WARN_64_TO_32_BIT_CONVERSION = YES;
				GCC_WARN_ABOUT_RETURN_TYPE = YES_ERROR;
				GCC_WARN_UNDECLARED_SELECTOR = YES;
				GCC_WARN_UNINITIALIZED_AUTOS = YES_AGGRESSIVE;
				GCC_WARN_UNUSED_FUNCTION = YES;
				GCC_WARN_UNUSED_VARIABLE = YES;
				IPHONEOS_DEPLOYMENT_TARGET = 16.2;
				MTL_ENABLE_DEBUG_INFO = NO;
				MTL_FAST_MATH = YES;
				SDKROOT = iphoneos;
				SWIFT_COMPILATION_MODE = wholemodule;
				SWIFT_OPTIMIZATION_LEVEL = "-O";
				VALIDATE_PRODUCT = YES;
			};
			name = Release;
		};
		856C650F2A660B5500C6AF62 /* Debug */ = {
			isa = XCBuildConfiguration;
			buildSettings = {
				ASSETCATALOG_COMPILER_APPICON_NAME = AppIcon;
				ASSETCATALOG_COMPILER_GLOBAL_ACCENT_COLOR_NAME = AccentColor;
				CODE_SIGN_STYLE = Automatic;
				CURRENT_PROJECT_VERSION = 1;
				DEVELOPMENT_TEAM = BX33GF2T6S;
				GENERATE_INFOPLIST_FILE = YES;
				INFOPLIST_FILE = AppBackFront/Info.plist;
				INFOPLIST_KEY_UIApplicationSupportsIndirectInputEvents = YES;
				INFOPLIST_KEY_UILaunchStoryboardName = LaunchScreen;
				INFOPLIST_KEY_UIMainStoryboardFile = Main;
				INFOPLIST_KEY_UISupportedInterfaceOrientations_iPad = "UIInterfaceOrientationPortrait UIInterfaceOrientationPortraitUpsideDown UIInterfaceOrientationLandscapeLeft UIInterfaceOrientationLandscapeRight";
				INFOPLIST_KEY_UISupportedInterfaceOrientations_iPhone = "UIInterfaceOrientationPortrait UIInterfaceOrientationLandscapeLeft UIInterfaceOrientationLandscapeRight";
				LD_RUNPATH_SEARCH_PATHS = (
					"$(inherited)",
					"@executable_path/Frameworks",
				);
				MARKETING_VERSION = 1.0;
				PRODUCT_BUNDLE_IDENTIFIER = "backfront-viewcode.AppBackFront";
				PRODUCT_NAME = "$(TARGET_NAME)";
				SWIFT_EMIT_LOC_STRINGS = YES;
				SWIFT_VERSION = 5.0;
				TARGETED_DEVICE_FAMILY = "1,2";
			};
			name = Debug;
		};
		856C65102A660B5500C6AF62 /* Release */ = {
			isa = XCBuildConfiguration;
			buildSettings = {
				ASSETCATALOG_COMPILER_APPICON_NAME = AppIcon;
				ASSETCATALOG_COMPILER_GLOBAL_ACCENT_COLOR_NAME = AccentColor;
				CODE_SIGN_STYLE = Automatic;
				CURRENT_PROJECT_VERSION = 1;
				DEVELOPMENT_TEAM = BX33GF2T6S;
				GENERATE_INFOPLIST_FILE = YES;
				INFOPLIST_FILE = AppBackFront/Info.plist;
				INFOPLIST_KEY_UIApplicationSupportsIndirectInputEvents = YES;
				INFOPLIST_KEY_UILaunchStoryboardName = LaunchScreen;
				INFOPLIST_KEY_UIMainStoryboardFile = Main;
				INFOPLIST_KEY_UISupportedInterfaceOrientations_iPad = "UIInterfaceOrientationPortrait UIInterfaceOrientationPortraitUpsideDown UIInterfaceOrientationLandscapeLeft UIInterfaceOrientationLandscapeRight";
				INFOPLIST_KEY_UISupportedInterfaceOrientations_iPhone = "UIInterfaceOrientationPortrait UIInterfaceOrientationLandscapeLeft UIInterfaceOrientationLandscapeRight";
				LD_RUNPATH_SEARCH_PATHS = (
					"$(inherited)",
					"@executable_path/Frameworks",
				);
				MARKETING_VERSION = 1.0;
				PRODUCT_BUNDLE_IDENTIFIER = "backfront-viewcode.AppBackFront";
				PRODUCT_NAME = "$(TARGET_NAME)";
				SWIFT_EMIT_LOC_STRINGS = YES;
				SWIFT_VERSION = 5.0;
				TARGETED_DEVICE_FAMILY = "1,2";
			};
			name = Release;
		};
		856C65122A660B5500C6AF62 /* Debug */ = {
			isa = XCBuildConfiguration;
			buildSettings = {
				ALWAYS_EMBED_SWIFT_STANDARD_LIBRARIES = YES;
				BUNDLE_LOADER = "$(TEST_HOST)";
				CODE_SIGN_STYLE = Automatic;
				CURRENT_PROJECT_VERSION = 1;
				DEVELOPMENT_TEAM = BX33GF2T6S;
				GENERATE_INFOPLIST_FILE = YES;
				IPHONEOS_DEPLOYMENT_TARGET = 16.2;
				MARKETING_VERSION = 1.0;
				PRODUCT_BUNDLE_IDENTIFIER = "backfront-viewcode.AppBackFrontTests";
				PRODUCT_NAME = "$(TARGET_NAME)";
				SWIFT_EMIT_LOC_STRINGS = NO;
				SWIFT_VERSION = 5.0;
				TARGETED_DEVICE_FAMILY = "1,2";
				TEST_HOST = "$(BUILT_PRODUCTS_DIR)/AppBackFront.app/$(BUNDLE_EXECUTABLE_FOLDER_PATH)/AppBackFront";
			};
			name = Debug;
		};
		856C65132A660B5500C6AF62 /* Release */ = {
			isa = XCBuildConfiguration;
			buildSettings = {
				ALWAYS_EMBED_SWIFT_STANDARD_LIBRARIES = YES;
				BUNDLE_LOADER = "$(TEST_HOST)";
				CODE_SIGN_STYLE = Automatic;
				CURRENT_PROJECT_VERSION = 1;
				DEVELOPMENT_TEAM = BX33GF2T6S;
				GENERATE_INFOPLIST_FILE = YES;
				IPHONEOS_DEPLOYMENT_TARGET = 16.2;
				MARKETING_VERSION = 1.0;
				PRODUCT_BUNDLE_IDENTIFIER = "backfront-viewcode.AppBackFrontTests";
				PRODUCT_NAME = "$(TARGET_NAME)";
				SWIFT_EMIT_LOC_STRINGS = NO;
				SWIFT_VERSION = 5.0;
				TARGETED_DEVICE_FAMILY = "1,2";
				TEST_HOST = "$(BUILT_PRODUCTS_DIR)/AppBackFront.app/$(BUNDLE_EXECUTABLE_FOLDER_PATH)/AppBackFront";
			};
			name = Release;
		};
		856C65152A660B5500C6AF62 /* Debug */ = {
			isa = XCBuildConfiguration;
			buildSettings = {
				ALWAYS_EMBED_SWIFT_STANDARD_LIBRARIES = YES;
				CODE_SIGN_STYLE = Automatic;
				CURRENT_PROJECT_VERSION = 1;
				DEVELOPMENT_TEAM = BX33GF2T6S;
				GENERATE_INFOPLIST_FILE = YES;
				MARKETING_VERSION = 1.0;
				PRODUCT_BUNDLE_IDENTIFIER = "backfront-viewcode.AppBackFrontUITests";
				PRODUCT_NAME = "$(TARGET_NAME)";
				SWIFT_EMIT_LOC_STRINGS = NO;
				SWIFT_VERSION = 5.0;
				TARGETED_DEVICE_FAMILY = "1,2";
				TEST_TARGET_NAME = AppBackFront;
			};
			name = Debug;
		};
		856C65162A660B5500C6AF62 /* Release */ = {
			isa = XCBuildConfiguration;
			buildSettings = {
				ALWAYS_EMBED_SWIFT_STANDARD_LIBRARIES = YES;
				CODE_SIGN_STYLE = Automatic;
				CURRENT_PROJECT_VERSION = 1;
				DEVELOPMENT_TEAM = BX33GF2T6S;
				GENERATE_INFOPLIST_FILE = YES;
				MARKETING_VERSION = 1.0;
				PRODUCT_BUNDLE_IDENTIFIER = "backfront-viewcode.AppBackFrontUITests";
				PRODUCT_NAME = "$(TARGET_NAME)";
				SWIFT_EMIT_LOC_STRINGS = NO;
				SWIFT_VERSION = 5.0;
				TARGETED_DEVICE_FAMILY = "1,2";
				TEST_TARGET_NAME = AppBackFront;
			};
			name = Release;
		};
/* End XCBuildConfiguration section */

/* Begin XCConfigurationList section */
		856C64DF2A660B5400C6AF62 /* Build configuration list for PBXProject "AppBackFront" */ = {
			isa = XCConfigurationList;
			buildConfigurations = (
				856C650C2A660B5500C6AF62 /* Debug */,
				856C650D2A660B5500C6AF62 /* Release */,
			);
			defaultConfigurationIsVisible = 0;
			defaultConfigurationName = Release;
		};
		856C650E2A660B5500C6AF62 /* Build configuration list for PBXNativeTarget "AppBackFront" */ = {
			isa = XCConfigurationList;
			buildConfigurations = (
				856C650F2A660B5500C6AF62 /* Debug */,
				856C65102A660B5500C6AF62 /* Release */,
			);
			defaultConfigurationIsVisible = 0;
			defaultConfigurationName = Release;
		};
		856C65112A660B5500C6AF62 /* Build configuration list for PBXNativeTarget "AppBackFrontTests" */ = {
			isa = XCConfigurationList;
			buildConfigurations = (
				856C65122A660B5500C6AF62 /* Debug */,
				856C65132A660B5500C6AF62 /* Release */,
			);
			defaultConfigurationIsVisible = 0;
			defaultConfigurationName = Release;
		};
		856C65142A660B5500C6AF62 /* Build configuration list for PBXNativeTarget "AppBackFrontUITests" */ = {
			isa = XCConfigurationList;
			buildConfigurations = (
				856C65152A660B5500C6AF62 /* Debug */,
				856C65162A660B5500C6AF62 /* Release */,
			);
			defaultConfigurationIsVisible = 0;
			defaultConfigurationName = Release;
		};
/* End XCConfigurationList section */
	};
	rootObject = 856C64DC2A660B5400C6AF62 /* Project object */;
}
